{
  "originHash" : "919b769e089ad12b3a99e990a792d4db7b8f3dcd1f04160180b50a217773f76d",
  "pins" : [
    {
      "identity" : "bezelkit",
      "kind" : "remoteSourceControl",
      "location" : "https://github.com/markbattistella/BezelKit",
      "state" : {
        "revision" : "227b41b77b44463fde8ef851cdc69553ad973a47",
        "version" : "3.2.0"
      }
    },
    {
      "identity" : "eventsource",
      "kind" : "remoteSourceControl",
      "location" : "https://github.com/Recouse/EventSource",
      "state" : {
        "revision" : "9bd7c5aaba81f06511c4f681643ef991c6ae3477",
        "version" : "0.1.3"
      }
    },
    {
      "identity" : "generative-ai-swift",
      "kind" : "remoteSourceControl",
      "location" : "https://github.com/google/generative-ai-swift",
      "state" : {
        "revision" : "44b8ce120425f9cf53ca756f3434ca2c2696f8bd",
        "version" : "0.5.6"
      }
    },
    {
      "identity" : "onboardingkit",
      "kind" : "remoteSourceControl",
      "location" : "https://github.com/mlbonniec/OnBoardingKit",
      "state" : {
        "revision" : "432a689a7a903ea4032f2544e6650058675a881a",
        "version" : "1.1.5"
      }
    },
    {
      "identity" : "swiftui-shimmer",
      "kind" : "remoteSourceControl",
      "location" : "https://github.com/markiv/SwiftUI-Shimmer",
      "state" : {
        "revision" : "0226e21f9bf355d40e07e5f5e1c33679d50e167f",
        "version" : "1.5.1"
      }
    }
  ],
  "version" : 3
}
