// !$*UTF8*$!
{
	archiveVersion = 1;
	classes = {
	};
	objectVersion = 77;
	objects = {

/* Begin PBXBuildFile section */
		160182952D20CA46009DA2EF /* BezelKit in Frameworks */ = {isa = PBXBuildFile; productRef = 160182942D20CA46009DA2EF /* BezelKit */; };
		161BCB812D25BA8900FA776A /* GoogleGenerativeAI in Frameworks */ = {isa = PBXBuildFile; productRef = 161BCB802D25BA8900FA776A /* GoogleGenerativeAI */; };
		16A657A22D2AC69200A623D8 /* Shimmer in Frameworks */ = {isa = PBXBuildFile; productRef = 16A657A12D2AC69200A623D8 /* Shimmer */; };
		16A657DC2D2ADFAA00A623D8 /* WidgetKit.framework in Frameworks */ = {isa = PBXBuildFile; fileRef = 16A657B92D2ADC0B00A623D8 /* WidgetKit.framework */; };
		16A657DD2D2ADFAA00A623D8 /* SwiftUI.framework in Frameworks */ = {isa = PBXBuildFile; fileRef = 16A657BB2D2ADC0B00A623D8 /* SwiftUI.framework */; };
		16A657E82D2ADFAC00A623D8 /* SATA_LiveActivityExtension.appex in Embed Foundation Extensions */ = {isa = PBXBuildFile; fileRef = 16A657DB2D2ADFAA00A623D8 /* SATA_LiveActivityExtension.appex */; settings = {ATTRIBUTES = (RemoveHeadersOnCopy, ); }; };
		16A658242D2B5D3E00A623D8 /* OnBoardingKit in Frameworks */ = {isa = PBXBuildFile; productRef = 16A658232D2B5D3E00A623D8 /* OnBoardingKit */; };
		4C5C49142D2DD1C000FD4DF5 /* EventSource in Frameworks */ = {isa = PBXBuildFile; productRef = 4C5C49132D2DD1C000FD4DF5 /* EventSource */; };
/* End PBXBuildFile section */

/* Begin PBXContainerItemProxy section */
		16A657E62D2ADFAC00A623D8 /* PBXContainerItemProxy */ = {
			isa = PBXContainerItemProxy;
			containerPortal = 16ECB2DB2D1DD9D200367F2A /* Project object */;
			proxyType = 1;
			remoteGlobalIDString = 16A657DA2D2ADFAA00A623D8;
			remoteInfo = SATA_LiveActivityExtension;
		};
		16ECB2F72D1DD9D400367F2A /* PBXContainerItemProxy */ = {
			isa = PBXContainerItemProxy;
			containerPortal = 16ECB2DB2D1DD9D200367F2A /* Project object */;
			proxyType = 1;
			remoteGlobalIDString = 16ECB2E22D1DD9D200367F2A;
			remoteInfo = "SATA Mobile";
		};
		16ECB3012D1DD9D400367F2A /* PBXContainerItemProxy */ = {
			isa = PBXContainerItemProxy;
			containerPortal = 16ECB2DB2D1DD9D200367F2A /* Project object */;
			proxyType = 1;
			remoteGlobalIDString = 16ECB2E22D1DD9D200367F2A;
			remoteInfo = "SATA Mobile";
		};
/* End PBXContainerItemProxy section */

/* Begin PBXCopyFilesBuildPhase section */
		16A657D22D2ADC0D00A623D8 /* Embed Foundation Extensions */ = {
			isa = PBXCopyFilesBuildPhase;
			buildActionMask = 2147483647;
			dstPath = "";
			dstSubfolderSpec = 13;
			files = (
				16A657E82D2ADFAC00A623D8 /* SATA_LiveActivityExtension.appex in Embed Foundation Extensions */,
			);
			name = "Embed Foundation Extensions";
			runOnlyForDeploymentPostprocessing = 0;
		};
/* End PBXCopyFilesBuildPhase section */

/* Begin PBXFileReference section */
		16A657B92D2ADC0B00A623D8 /* WidgetKit.framework */ = {isa = PBXFileReference; lastKnownFileType = wrapper.framework; name = WidgetKit.framework; path = System/Library/Frameworks/WidgetKit.framework; sourceTree = SDKROOT; };
		16A657BB2D2ADC0B00A623D8 /* SwiftUI.framework */ = {isa = PBXFileReference; lastKnownFileType = wrapper.framework; name = SwiftUI.framework; path = System/Library/Frameworks/SwiftUI.framework; sourceTree = SDKROOT; };
		16A657DB2D2ADFAA00A623D8 /* SATA_LiveActivityExtension.appex */ = {isa = PBXFileReference; explicitFileType = "wrapper.app-extension"; includeInIndex = 0; path = SATA_LiveActivityExtension.appex; sourceTree = BUILT_PRODUCTS_DIR; };
		16A657F22D2AE64600A623D8 /* SATA_LiveActivityExtension.entitlements */ = {isa = PBXFileReference; lastKnownFileType = text.plist.entitlements; path = SATA_LiveActivityExtension.entitlements; sourceTree = "<group>"; };
		16ECB2E32D1DD9D200367F2A /* SATA.app */ = {isa = PBXFileReference; explicitFileType = wrapper.application; includeInIndex = 0; path = SATA.app; sourceTree = BUILT_PRODUCTS_DIR; };
		16ECB2F62D1DD9D400367F2A /* SATA MobileTests.xctest */ = {isa = PBXFileReference; explicitFileType = wrapper.cfbundle; includeInIndex = 0; path = "SATA MobileTests.xctest"; sourceTree = BUILT_PRODUCTS_DIR; };
		16ECB3002D1DD9D400367F2A /* SATA MobileUITests.xctest */ = {isa = PBXFileReference; explicitFileType = wrapper.cfbundle; includeInIndex = 0; path = "SATA MobileUITests.xctest"; sourceTree = BUILT_PRODUCTS_DIR; };
/* End PBXFileReference section */

/* Begin PBXFileSystemSynchronizedBuildFileExceptionSet section */
		16A657E92D2ADFAC00A623D8 /* Exceptions for "SATA_LiveActivity" folder in "SATA_LiveActivityExtension" target */ = {
			isa = PBXFileSystemSynchronizedBuildFileExceptionSet;
			membershipExceptions = (
				Info.plist,
			);
			target = 16A657DA2D2ADFAA00A623D8 /* SATA_LiveActivityExtension */;
		};
		16A658062D2AF10600A623D8 /* Exceptions for "SATA Mobile" folder in "SATA_LiveActivityExtension" target */ = {
			isa = PBXFileSystemSynchronizedBuildFileExceptionSet;
			membershipExceptions = (
				Extensions/ColorExtension.swift,
				Models/GameActivityAttributes.swift,
				ShortcutsProvider.swift,
			);
			target = 16A657DA2D2ADFAA00A623D8 /* SATA_LiveActivityExtension */;
		};
		16E1FD5B2D30AE35004B3D23 /* Exceptions for "SATA Mobile" folder in "SATA Mobile" target */ = {
			isa = PBXFileSystemSynchronizedBuildFileExceptionSet;
			membershipExceptions = (
				Helpers/PadResults.swift,
			);
			target = 16ECB2E22D1DD9D200367F2A /* SATA Mobile */;
		};
/* End PBXFileSystemSynchronizedBuildFileExceptionSet section */

/* Begin PBXFileSystemSynchronizedGroupBuildPhaseMembershipExceptionSet section */
		16E1FD5C2D30AE35004B3D23 /* Exceptions for "SATA Mobile" folder in "Copy Bundle Resources" phase from "SATA Mobile" target */ = {
			isa = PBXFileSystemSynchronizedGroupBuildPhaseMembershipExceptionSet;
			buildPhase = 16ECB2E12D1DD9D200367F2A /* Resources */;
			membershipExceptions = (
				Helpers/PadResults.swift,
			);
		};
/* End PBXFileSystemSynchronizedGroupBuildPhaseMembershipExceptionSet section */

/* Begin PBXFileSystemSynchronizedRootGroup section */
		16A657DE2D2ADFAA00A623D8 /* SATA_LiveActivity */ = {
			isa = PBXFileSystemSynchronizedRootGroup;
			exceptions = (
				16A657E92D2ADFAC00A623D8 /* Exceptions for "SATA_LiveActivity" folder in "SATA_LiveActivityExtension" target */,
			);
			path = SATA_LiveActivity;
			sourceTree = "<group>";
		};
		16ECB2E52D1DD9D200367F2A /* SATA Mobile */ = {
			isa = PBXFileSystemSynchronizedRootGroup;
			exceptions = (
				16E1FD5B2D30AE35004B3D23 /* Exceptions for "SATA Mobile" folder in "SATA Mobile" target */,
				16E1FD5C2D30AE35004B3D23 /* Exceptions for "SATA Mobile" folder in "Copy Bundle Resources" phase from "SATA Mobile" target */,
				16A658062D2AF10600A623D8 /* Exceptions for "SATA Mobile" folder in "SATA_LiveActivityExtension" target */,
			);
			path = "SATA Mobile";
			sourceTree = "<group>";
		};
		16ECB2F92D1DD9D400367F2A /* SATA MobileTests */ = {
			isa = PBXFileSystemSynchronizedRootGroup;
			path = "SATA MobileTests";
			sourceTree = "<group>";
		};
		16ECB3032D1DD9D400367F2A /* SATA MobileUITests */ = {
			isa = PBXFileSystemSynchronizedRootGroup;
			path = "SATA MobileUITests";
			sourceTree = "<group>";
		};
/* End PBXFileSystemSynchronizedRootGroup section */

/* Begin PBXFrameworksBuildPhase section */
		16A657D82D2ADFAA00A623D8 /* Frameworks */ = {
			isa = PBXFrameworksBuildPhase;
			buildActionMask = 2147483647;
			files = (
				16A657DD2D2ADFAA00A623D8 /* SwiftUI.framework in Frameworks */,
				16A657DC2D2ADFAA00A623D8 /* WidgetKit.framework in Frameworks */,
			);
			runOnlyForDeploymentPostprocessing = 0;
		};
		16ECB2E02D1DD9D200367F2A /* Frameworks */ = {
			isa = PBXFrameworksBuildPhase;
			buildActionMask = 2147483647;
			files = (
				4C5C49142D2DD1C000FD4DF5 /* EventSource in Frameworks */,
				16A658242D2B5D3E00A623D8 /* OnBoardingKit in Frameworks */,
				16A657A22D2AC69200A623D8 /* Shimmer in Frameworks */,
				160182952D20CA46009DA2EF /* BezelKit in Frameworks */,
				161BCB812D25BA8900FA776A /* GoogleGenerativeAI in Frameworks */,
			);
			runOnlyForDeploymentPostprocessing = 0;
		};
		16ECB2F32D1DD9D400367F2A /* Frameworks */ = {
			isa = PBXFrameworksBuildPhase;
			buildActionMask = 2147483647;
			files = (
			);
			runOnlyForDeploymentPostprocessing = 0;
		};
		16ECB2FD2D1DD9D400367F2A /* Frameworks */ = {
			isa = PBXFrameworksBuildPhase;
			buildActionMask = 2147483647;
			files = (
			);
			runOnlyForDeploymentPostprocessing = 0;
		};
/* End PBXFrameworksBuildPhase section */

/* Begin PBXGroup section */
		16A657B82D2ADC0B00A623D8 /* Frameworks */ = {
			isa = PBXGroup;
			children = (
				16A657B92D2ADC0B00A623D8 /* WidgetKit.framework */,
				16A657BB2D2ADC0B00A623D8 /* SwiftUI.framework */,
			);
			name = Frameworks;
			sourceTree = "<group>";
		};
		16ECB2DA2D1DD9D200367F2A = {
			isa = PBXGroup;
			children = (
				16A657F22D2AE64600A623D8 /* SATA_LiveActivityExtension.entitlements */,
				16ECB2E52D1DD9D200367F2A /* SATA Mobile */,
				16ECB2F92D1DD9D400367F2A /* SATA MobileTests */,
				16ECB3032D1DD9D400367F2A /* SATA MobileUITests */,
				16A657DE2D2ADFAA00A623D8 /* SATA_LiveActivity */,
				16A657B82D2ADC0B00A623D8 /* Frameworks */,
				16ECB2E42D1DD9D200367F2A /* Products */,
			);
			sourceTree = "<group>";
		};
		16ECB2E42D1DD9D200367F2A /* Products */ = {
			isa = PBXGroup;
			children = (
				16ECB2E32D1DD9D200367F2A /* SATA.app */,
				16ECB2F62D1DD9D400367F2A /* SATA MobileTests.xctest */,
				16ECB3002D1DD9D400367F2A /* SATA MobileUITests.xctest */,
				16A657DB2D2ADFAA00A623D8 /* SATA_LiveActivityExtension.appex */,
			);
			name = Products;
			sourceTree = "<group>";
		};
/* End PBXGroup section */

/* Begin PBXNativeTarget section */
		16A657DA2D2ADFAA00A623D8 /* SATA_LiveActivityExtension */ = {
			isa = PBXNativeTarget;
			buildConfigurationList = 16A657EA2D2ADFAC00A623D8 /* Build configuration list for PBXNativeTarget "SATA_LiveActivityExtension" */;
			buildPhases = (
				16A657D72D2ADFAA00A623D8 /* Sources */,
				16A657D82D2ADFAA00A623D8 /* Frameworks */,
				16A657D92D2ADFAA00A623D8 /* Resources */,
			);
			buildRules = (
			);
			dependencies = (
			);
			fileSystemSynchronizedGroups = (
				16A657DE2D2ADFAA00A623D8 /* SATA_LiveActivity */,
			);
			name = SATA_LiveActivityExtension;
			packageProductDependencies = (
			);
			productName = SATA_LiveActivityExtension;
			productReference = 16A657DB2D2ADFAA00A623D8 /* SATA_LiveActivityExtension.appex */;
			productType = "com.apple.product-type.app-extension";
		};
		16ECB2E22D1DD9D200367F2A /* SATA Mobile */ = {
			isa = PBXNativeTarget;
			buildConfigurationList = 16ECB30A2D1DD9D400367F2A /* Build configuration list for PBXNativeTarget "SATA Mobile" */;
			buildPhases = (
				16ECB2DF2D1DD9D200367F2A /* Sources */,
				16ECB2E02D1DD9D200367F2A /* Frameworks */,
				16ECB2E12D1DD9D200367F2A /* Resources */,
				16A657D22D2ADC0D00A623D8 /* Embed Foundation Extensions */,
			);
			buildRules = (
			);
			dependencies = (
				16A657E72D2ADFAC00A623D8 /* PBXTargetDependency */,
			);
			fileSystemSynchronizedGroups = (
				16ECB2E52D1DD9D200367F2A /* SATA Mobile */,
			);
			name = "SATA Mobile";
			packageProductDependencies = (
				160182942D20CA46009DA2EF /* BezelKit */,
				161BCB802D25BA8900FA776A /* GoogleGenerativeAI */,
				16A657A12D2AC69200A623D8 /* Shimmer */,
				16A658232D2B5D3E00A623D8 /* OnBoardingKit */,
				4C5C49132D2DD1C000FD4DF5 /* EventSource */,
			);
			productName = "SATA Mobile";
			productReference = 16ECB2E32D1DD9D200367F2A /* SATA.app */;
			productType = "com.apple.product-type.application";
		};
		16ECB2F52D1DD9D400367F2A /* SATA MobileTests */ = {
			isa = PBXNativeTarget;
			buildConfigurationList = 16ECB30D2D1DD9D400367F2A /* Build configuration list for PBXNativeTarget "SATA MobileTests" */;
			buildPhases = (
				16ECB2F22D1DD9D400367F2A /* Sources */,
				16ECB2F32D1DD9D400367F2A /* Frameworks */,
				16ECB2F42D1DD9D400367F2A /* Resources */,
			);
			buildRules = (
			);
			dependencies = (
				16ECB2F82D1DD9D400367F2A /* PBXTargetDependency */,
			);
			fileSystemSynchronizedGroups = (
				16ECB2F92D1DD9D400367F2A /* SATA MobileTests */,
			);
			name = "SATA MobileTests";
			packageProductDependencies = (
			);
			productName = "SATA MobileTests";
			productReference = 16ECB2F62D1DD9D400367F2A /* SATA MobileTests.xctest */;
			productType = "com.apple.product-type.bundle.unit-test";
		};
		16ECB2FF2D1DD9D400367F2A /* SATA MobileUITests */ = {
			isa = PBXNativeTarget;
			buildConfigurationList = 16ECB3102D1DD9D400367F2A /* Build configuration list for PBXNativeTarget "SATA MobileUITests" */;
			buildPhases = (
				16ECB2FC2D1DD9D400367F2A /* Sources */,
				16ECB2FD2D1DD9D400367F2A /* Frameworks */,
				16ECB2FE2D1DD9D400367F2A /* Resources */,
			);
			buildRules = (
			);
			dependencies = (
				16ECB3022D1DD9D400367F2A /* PBXTargetDependency */,
			);
			fileSystemSynchronizedGroups = (
				16ECB3032D1DD9D400367F2A /* SATA MobileUITests */,
			);
			name = "SATA MobileUITests";
			packageProductDependencies = (
			);
			productName = "SATA MobileUITests";
			productReference = 16ECB3002D1DD9D400367F2A /* SATA MobileUITests.xctest */;
			productType = "com.apple.product-type.bundle.ui-testing";
		};
/* End PBXNativeTarget section */

/* Begin PBXProject section */
		16ECB2DB2D1DD9D200367F2A /* Project object */ = {
			isa = PBXProject;
			attributes = {
				BuildIndependentTargetsInParallel = 1;
				LastSwiftUpdateCheck = 1620;
				LastUpgradeCheck = 1620;
				TargetAttributes = {
					16A657DA2D2ADFAA00A623D8 = {
						CreatedOnToolsVersion = 16.2;
					};
					16ECB2E22D1DD9D200367F2A = {
						CreatedOnToolsVersion = 16.2;
					};
					16ECB2F52D1DD9D400367F2A = {
						CreatedOnToolsVersion = 16.2;
						TestTargetID = 16ECB2E22D1DD9D200367F2A;
					};
					16ECB2FF2D1DD9D400367F2A = {
						CreatedOnToolsVersion = 16.2;
						TestTargetID = 16ECB2E22D1DD9D200367F2A;
					};
				};
			};
			buildConfigurationList = 16ECB2DE2D1DD9D200367F2A /* Build configuration list for PBXProject "SATA Mobile" */;
			developmentRegion = en;
			hasScannedForEncodings = 0;
			knownRegions = (
				en,
				Base,
			);
			mainGroup = 16ECB2DA2D1DD9D200367F2A;
			minimizedProjectReferenceProxies = 1;
			packageReferences = (
				160182932D20CA46009DA2EF /* XCRemoteSwiftPackageReference "BezelKit" */,
				161BCB7F2D25BA8900FA776A /* XCRemoteSwiftPackageReference "generative-ai-swift" */,
				16A657A02D2AC69200A623D8 /* XCRemoteSwiftPackageReference "SwiftUI-Shimmer" */,
				16A658222D2B5D3E00A623D8 /* XCRemoteSwiftPackageReference "OnBoardingKit" */,
				4C5C49122D2DD1C000FD4DF5 /* XCRemoteSwiftPackageReference "EventSource" */,
			);
			preferredProjectObjectVersion = 77;
			productRefGroup = 16ECB2E42D1DD9D200367F2A /* Products */;
			projectDirPath = "";
			projectRoot = "";
			targets = (
				16ECB2E22D1DD9D200367F2A /* SATA Mobile */,
				16ECB2F52D1DD9D400367F2A /* SATA MobileTests */,
				16ECB2FF2D1DD9D400367F2A /* SATA MobileUITests */,
				16A657DA2D2ADFAA00A623D8 /* SATA_LiveActivityExtension */,
			);
		};
/* End PBXProject section */

/* Begin PBXResourcesBuildPhase section */
		16A657D92D2ADFAA00A623D8 /* Resources */ = {
			isa = PBXResourcesBuildPhase;
			buildActionMask = 2147483647;
			files = (
			);
			runOnlyForDeploymentPostprocessing = 0;
		};
		16ECB2E12D1DD9D200367F2A /* Resources */ = {
			isa = PBXResourcesBuildPhase;
			buildActionMask = 2147483647;
			files = (
			);
			runOnlyForDeploymentPostprocessing = 0;
		};
		16ECB2F42D1DD9D400367F2A /* Resources */ = {
			isa = PBXResourcesBuildPhase;
			buildActionMask = 2147483647;
			files = (
			);
			runOnlyForDeploymentPostprocessing = 0;
		};
		16ECB2FE2D1DD9D400367F2A /* Resources */ = {
			isa = PBXResourcesBuildPhase;
			buildActionMask = 2147483647;
			files = (
			);
			runOnlyForDeploymentPostprocessing = 0;
		};
/* End PBXResourcesBuildPhase section */

/* Begin PBXSourcesBuildPhase section */
		16A657D72D2ADFAA00A623D8 /* Sources */ = {
			isa = PBXSourcesBuildPhase;
			buildActionMask = 2147483647;
			files = (
			);
			runOnlyForDeploymentPostprocessing = 0;
		};
		16ECB2DF2D1DD9D200367F2A /* Sources */ = {
			isa = PBXSourcesBuildPhase;
			buildActionMask = 2147483647;
			files = (
			);
			runOnlyForDeploymentPostprocessing = 0;
		};
		16ECB2F22D1DD9D400367F2A /* Sources */ = {
			isa = PBXSourcesBuildPhase;
			buildActionMask = 2147483647;
			files = (
			);
			runOnlyForDeploymentPostprocessing = 0;
		};
		16ECB2FC2D1DD9D400367F2A /* Sources */ = {
			isa = PBXSourcesBuildPhase;
			buildActionMask = 2147483647;
			files = (
			);
			runOnlyForDeploymentPostprocessing = 0;
		};
/* End PBXSourcesBuildPhase section */

/* Begin PBXTargetDependency section */
		16A657E72D2ADFAC00A623D8 /* PBXTargetDependency */ = {
			isa = PBXTargetDependency;
			target = 16A657DA2D2ADFAA00A623D8 /* SATA_LiveActivityExtension */;
			targetProxy = 16A657E62D2ADFAC00A623D8 /* PBXContainerItemProxy */;
		};
		16ECB2F82D1DD9D400367F2A /* PBXTargetDependency */ = {
			isa = PBXTargetDependency;
			target = 16ECB2E22D1DD9D200367F2A /* SATA Mobile */;
			targetProxy = 16ECB2F72D1DD9D400367F2A /* PBXContainerItemProxy */;
		};
		16ECB3022D1DD9D400367F2A /* PBXTargetDependency */ = {
			isa = PBXTargetDependency;
			target = 16ECB2E22D1DD9D200367F2A /* SATA Mobile */;
			targetProxy = 16ECB3012D1DD9D400367F2A /* PBXContainerItemProxy */;
		};
/* End PBXTargetDependency section */

/* Begin XCBuildConfiguration section */
		16A657EB2D2ADFAC00A623D8 /* Debug */ = {
			isa = XCBuildConfiguration;
			buildSettings = {
				ASSETCATALOG_COMPILER_GLOBAL_ACCENT_COLOR_NAME = AccentColor;
				ASSETCATALOG_COMPILER_WIDGET_BACKGROUND_COLOR_NAME = WidgetBackground;
				CODE_SIGN_ENTITLEMENTS = SATA_LiveActivityExtension.entitlements;
				CODE_SIGN_STYLE = Automatic;
				CURRENT_PROJECT_VERSION = 1;
				DEVELOPMENT_TEAM = M6AQ5AZV2F;
				GENERATE_INFOPLIST_FILE = YES;
				INFOPLIST_FILE = SATA_LiveActivity/Info.plist;
				INFOPLIST_KEY_CFBundleDisplayName = SATA_LiveActivity;
				INFOPLIST_KEY_NSHumanReadableCopyright = "";
				IPHONEOS_DEPLOYMENT_TARGET = 18.2;
				LD_RUNPATH_SEARCH_PATHS = (
					"$(inherited)",
					"@executable_path/Frameworks",
					"@executable_path/../../Frameworks",
				);
				MARKETING_VERSION = 1.0;
				PRODUCT_BUNDLE_IDENTIFIER = "com.sandrafranco.SATA-Mobile.SATA-LiveActivity";
				PRODUCT_NAME = "$(TARGET_NAME)";
				SDKROOT = iphoneos;
				SKIP_INSTALL = YES;
				SWIFT_EMIT_LOC_STRINGS = YES;
				SWIFT_VERSION = 5.0;
				TARGETED_DEVICE_FAMILY = "1,2";
			};
			name = Debug;
		};
		16A657EC2D2ADFAC00A623D8 /* Release */ = {
			isa = XCBuildConfiguration;
			buildSettings = {
				ASSETCATALOG_COMPILER_GLOBAL_ACCENT_COLOR_NAME = AccentColor;
				ASSETCATALOG_COMPILER_WIDGET_BACKGROUND_COLOR_NAME = WidgetBackground;
				CODE_SIGN_ENTITLEMENTS = SATA_LiveActivityExtension.entitlements;
				CODE_SIGN_STYLE = Automatic;
				CURRENT_PROJECT_VERSION = 1;
				DEVELOPMENT_TEAM = M6AQ5AZV2F;
				GENERATE_INFOPLIST_FILE = YES;
				INFOPLIST_FILE = SATA_LiveActivity/Info.plist;
				INFOPLIST_KEY_CFBundleDisplayName = SATA_LiveActivity;
				INFOPLIST_KEY_NSHumanReadableCopyright = "";
				IPHONEOS_DEPLOYMENT_TARGET = 18.2;
				LD_RUNPATH_SEARCH_PATHS = (
					"$(inherited)",
					"@executable_path/Frameworks",
					"@executable_path/../../Frameworks",
				);
				MARKETING_VERSION = 1.0;
				PRODUCT_BUNDLE_IDENTIFIER = "com.sandrafranco.SATA-Mobile.SATA-LiveActivity";
				PRODUCT_NAME = "$(TARGET_NAME)";
				SDKROOT = iphoneos;
				SKIP_INSTALL = YES;
				SWIFT_EMIT_LOC_STRINGS = YES;
				SWIFT_VERSION = 5.0;
				TARGETED_DEVICE_FAMILY = "1,2";
				VALIDATE_PRODUCT = YES;
			};
			name = Release;
		};
		16ECB3082D1DD9D400367F2A /* Debug */ = {
			isa = XCBuildConfiguration;
			buildSettings = {
				ALWAYS_SEARCH_USER_PATHS = NO;
				ASSETCATALOG_COMPILER_GENERATE_SWIFT_ASSET_SYMBOL_EXTENSIONS = YES;
				CLANG_ANALYZER_NONNULL = YES;
				CLANG_ANALYZER_NUMBER_OBJECT_CONVERSION = YES_AGGRESSIVE;
				CLANG_CXX_LANGUAGE_STANDARD = "gnu++20";
				CLANG_ENABLE_MODULES = YES;
				CLANG_ENABLE_OBJC_ARC = YES;
				CLANG_ENABLE_OBJC_WEAK = YES;
				CLANG_WARN_BLOCK_CAPTURE_AUTORELEASING = YES;
				CLANG_WARN_BOOL_CONVERSION = YES;
				CLANG_WARN_COMMA = YES;
				CLANG_WARN_CONSTANT_CONVERSION = YES;
				CLANG_WARN_DEPRECATED_OBJC_IMPLEMENTATIONS = YES;
				CLANG_WARN_DIRECT_OBJC_ISA_USAGE = YES_ERROR;
				CLANG_WARN_DOCUMENTATION_COMMENTS = YES;
				CLANG_WARN_EMPTY_BODY = YES;
				CLANG_WARN_ENUM_CONVERSION = YES;
				CLANG_WARN_INFINITE_RECURSION = YES;
				CLANG_WARN_INT_CONVERSION = YES;
				CLANG_WARN_NON_LITERAL_NULL_CONVERSION = YES;
				CLANG_WARN_OBJC_IMPLICIT_RETAIN_SELF = YES;
				CLANG_WARN_OBJC_LITERAL_CONVERSION = YES;
				CLANG_WARN_OBJC_ROOT_CLASS = YES_ERROR;
				CLANG_WARN_QUOTED_INCLUDE_IN_FRAMEWORK_HEADER = YES;
				CLANG_WARN_RANGE_LOOP_ANALYSIS = YES;
				CLANG_WARN_STRICT_PROTOTYPES = YES;
				CLANG_WARN_SUSPICIOUS_MOVE = YES;
				CLANG_WARN_UNGUARDED_AVAILABILITY = YES_AGGRESSIVE;
				CLANG_WARN_UNREACHABLE_CODE = YES;
				CLANG_WARN__DUPLICATE_METHOD_MATCH = YES;
				COPY_PHASE_STRIP = NO;
				DEBUG_INFORMATION_FORMAT = dwarf;
				ENABLE_STRICT_OBJC_MSGSEND = YES;
				ENABLE_TESTABILITY = YES;
				ENABLE_USER_SCRIPT_SANDBOXING = YES;
				GCC_C_LANGUAGE_STANDARD = gnu17;
				GCC_DYNAMIC_NO_PIC = NO;
				GCC_NO_COMMON_BLOCKS = YES;
				GCC_OPTIMIZATION_LEVEL = 0;
				GCC_PREPROCESSOR_DEFINITIONS = (
					"DEBUG=1",
					"$(inherited)",
				);
				GCC_WARN_64_TO_32_BIT_CONVERSION = YES;
				GCC_WARN_ABOUT_RETURN_TYPE = YES_ERROR;
				GCC_WARN_UNDECLARED_SELECTOR = YES;
				GCC_WARN_UNINITIALIZED_AUTOS = YES_AGGRESSIVE;
				GCC_WARN_UNUSED_FUNCTION = YES;
				GCC_WARN_UNUSED_VARIABLE = YES;
				LOCALIZATION_PREFERS_STRING_CATALOGS = YES;
				MTL_ENABLE_DEBUG_INFO = INCLUDE_SOURCE;
				MTL_FAST_MATH = YES;
				ONLY_ACTIVE_ARCH = YES;
				SWIFT_ACTIVE_COMPILATION_CONDITIONS = "DEBUG $(inherited)";
				SWIFT_OPTIMIZATION_LEVEL = "-Onone";
			};
			name = Debug;
		};
		16ECB3092D1DD9D400367F2A /* Release */ = {
			isa = XCBuildConfiguration;
			buildSettings = {
				ALWAYS_SEARCH_USER_PATHS = NO;
				ASSETCATALOG_COMPILER_GENERATE_SWIFT_ASSET_SYMBOL_EXTENSIONS = YES;
				CLANG_ANALYZER_NONNULL = YES;
				CLANG_ANALYZER_NUMBER_OBJECT_CONVERSION = YES_AGGRESSIVE;
				CLANG_CXX_LANGUAGE_STANDARD = "gnu++20";
				CLANG_ENABLE_MODULES = YES;
				CLANG_ENABLE_OBJC_ARC = YES;
				CLANG_ENABLE_OBJC_WEAK = YES;
				CLANG_WARN_BLOCK_CAPTURE_AUTORELEASING = YES;
				CLANG_WARN_BOOL_CONVERSION = YES;
				CLANG_WARN_COMMA = YES;
				CLANG_WARN_CONSTANT_CONVERSION = YES;
				CLANG_WARN_DEPRECATED_OBJC_IMPLEMENTATIONS = YES;
				CLANG_WARN_DIRECT_OBJC_ISA_USAGE = YES_ERROR;
				CLANG_WARN_DOCUMENTATION_COMMENTS = YES;
				CLANG_WARN_EMPTY_BODY = YES;
				CLANG_WARN_ENUM_CONVERSION = YES;
				CLANG_WARN_INFINITE_RECURSION = YES;
				CLANG_WARN_INT_CONVERSION = YES;
				CLANG_WARN_NON_LITERAL_NULL_CONVERSION = YES;
				CLANG_WARN_OBJC_IMPLICIT_RETAIN_SELF = YES;
				CLANG_WARN_OBJC_LITERAL_CONVERSION = YES;
				CLANG_WARN_OBJC_ROOT_CLASS = YES_ERROR;
				CLANG_WARN_QUOTED_INCLUDE_IN_FRAMEWORK_HEADER = YES;
				CLANG_WARN_RANGE_LOOP_ANALYSIS = YES;
				CLANG_WARN_STRICT_PROTOTYPES = YES;
				CLANG_WARN_SUSPICIOUS_MOVE = YES;
				CLANG_WARN_UNGUARDED_AVAILABILITY = YES_AGGRESSIVE;
				CLANG_WARN_UNREACHABLE_CODE = YES;
				CLANG_WARN__DUPLICATE_METHOD_MATCH = YES;
				COPY_PHASE_STRIP = NO;
				DEBUG_INFORMATION_FORMAT = "dwarf-with-dsym";
				ENABLE_NS_ASSERTIONS = NO;
				ENABLE_STRICT_OBJC_MSGSEND = YES;
				ENABLE_USER_SCRIPT_SANDBOXING = YES;
				GCC_C_LANGUAGE_STANDARD = gnu17;
				GCC_NO_COMMON_BLOCKS = YES;
				GCC_WARN_64_TO_32_BIT_CONVERSION = YES;
				GCC_WARN_ABOUT_RETURN_TYPE = YES_ERROR;
				GCC_WARN_UNDECLARED_SELECTOR = YES;
				GCC_WARN_UNINITIALIZED_AUTOS = YES_AGGRESSIVE;
				GCC_WARN_UNUSED_FUNCTION = YES;
				GCC_WARN_UNUSED_VARIABLE = YES;
				LOCALIZATION_PREFERS_STRING_CATALOGS = YES;
				MTL_ENABLE_DEBUG_INFO = NO;
				MTL_FAST_MATH = YES;
				SWIFT_COMPILATION_MODE = wholemodule;
			};
			name = Release;
		};
		16ECB30B2D1DD9D400367F2A /* Debug */ = {
			isa = XCBuildConfiguration;
			buildSettings = {
				ASSETCATALOG_COMPILER_APPICON_NAME = AppIcon;
				ASSETCATALOG_COMPILER_GLOBAL_ACCENT_COLOR_NAME = AccentColor;
				CODE_SIGN_ENTITLEMENTS = "SATA Mobile/SATA_Mobile.entitlements";
				CODE_SIGN_IDENTITY = "Apple Development";
				CODE_SIGN_STYLE = Automatic;
				CURRENT_PROJECT_VERSION = 1;
				DEVELOPMENT_ASSET_PATHS = "\"SATA Mobile/Preview Content\"";
				DEVELOPMENT_TEAM = M6AQ5AZV2F;
				ENABLE_HARDENED_RUNTIME = YES;
				ENABLE_PREVIEWS = YES;
				GENERATE_INFOPLIST_FILE = YES;
				INFOPLIST_FILE = "SATA-Mobile-Info.plist";
				INFOPLIST_KEY_CFBundleDisplayName = SATA;
				INFOPLIST_KEY_LSApplicationCategoryType = "";
				INFOPLIST_KEY_NSCalendarsUsageDescription = "We need access to your calendar to add match events.";
				INFOPLIST_KEY_NSSupportsLiveActivities = YES;
				"INFOPLIST_KEY_UIApplicationSceneManifest_Generation[sdk=iphoneos*]" = YES;
				"INFOPLIST_KEY_UIApplicationSceneManifest_Generation[sdk=iphonesimulator*]" = YES;
				"INFOPLIST_KEY_UIApplicationSupportsIndirectInputEvents[sdk=iphoneos*]" = YES;
				"INFOPLIST_KEY_UIApplicationSupportsIndirectInputEvents[sdk=iphonesimulator*]" = YES;
				"INFOPLIST_KEY_UILaunchScreen_Generation[sdk=iphoneos*]" = YES;
				"INFOPLIST_KEY_UILaunchScreen_Generation[sdk=iphonesimulator*]" = YES;
				"INFOPLIST_KEY_UIStatusBarStyle[sdk=iphoneos*]" = UIStatusBarStyleDefault;
				"INFOPLIST_KEY_UIStatusBarStyle[sdk=iphonesimulator*]" = UIStatusBarStyleDefault;
				INFOPLIST_KEY_UISupportedInterfaceOrientations_iPad = "UIInterfaceOrientationPortrait UIInterfaceOrientationPortraitUpsideDown UIInterfaceOrientationLandscapeLeft UIInterfaceOrientationLandscapeRight";
				INFOPLIST_KEY_UISupportedInterfaceOrientations_iPhone = "UIInterfaceOrientationPortrait UIInterfaceOrientationLandscapeLeft UIInterfaceOrientationLandscapeRight";
				IPHONEOS_DEPLOYMENT_TARGET = 18.2;
				LD_RUNPATH_SEARCH_PATHS = "@executable_path/Frameworks";
				"LD_RUNPATH_SEARCH_PATHS[sdk=macosx*]" = "@executable_path/../Frameworks";
				MACOSX_DEPLOYMENT_TARGET = 14.0;
				MARKETING_VERSION = 1.0;
				PRODUCT_BUNDLE_IDENTIFIER = "com.sandrafranco.SATA-Mobile";
				PRODUCT_NAME = SATA;
				PROVISIONING_PROFILE_SPECIFIER = "";
				SDKROOT = auto;
				SUPPORTED_PLATFORMS = "iphoneos iphonesimulator macosx xros xrsimulator";
				SWIFT_EMIT_LOC_STRINGS = YES;
				SWIFT_VERSION = 5.0;
				TARGETED_DEVICE_FAMILY = "1,2,7";
				XROS_DEPLOYMENT_TARGET = 2.2;
			};
			name = Debug;
		};
		16ECB30C2D1DD9D400367F2A /* Release */ = {
			isa = XCBuildConfiguration;
			buildSettings = {
				ASSETCATALOG_COMPILER_APPICON_NAME = AppIcon;
				ASSETCATALOG_COMPILER_GLOBAL_ACCENT_COLOR_NAME = AccentColor;
				CODE_SIGN_ENTITLEMENTS = "SATA Mobile/SATA_Mobile.entitlements";
				CODE_SIGN_IDENTITY = "Apple Development";
				CODE_SIGN_STYLE = Automatic;
				CURRENT_PROJECT_VERSION = 1;
				DEVELOPMENT_ASSET_PATHS = "\"SATA Mobile/Preview Content\"";
				DEVELOPMENT_TEAM = M6AQ5AZV2F;
				ENABLE_HARDENED_RUNTIME = YES;
				ENABLE_PREVIEWS = YES;
				GENERATE_INFOPLIST_FILE = YES;
				INFOPLIST_FILE = "SATA-Mobile-Info.plist";
				INFOPLIST_KEY_CFBundleDisplayName = SATA;
				INFOPLIST_KEY_LSApplicationCategoryType = "";
				INFOPLIST_KEY_NSCalendarsUsageDescription = "We need access to your calendar to add match events.";
				INFOPLIST_KEY_NSSupportsLiveActivities = YES;
				"INFOPLIST_KEY_UIApplicationSceneManifest_Generation[sdk=iphoneos*]" = YES;
				"INFOPLIST_KEY_UIApplicationSceneManifest_Generation[sdk=iphonesimulator*]" = YES;
				"INFOPLIST_KEY_UIApplicationSupportsIndirectInputEvents[sdk=iphoneos*]" = YES;
				"INFOPLIST_KEY_UIApplicationSupportsIndirectInputEvents[sdk=iphonesimulator*]" = YES;
				"INFOPLIST_KEY_UILaunchScreen_Generation[sdk=iphoneos*]" = YES;
				"INFOPLIST_KEY_UILaunchScreen_Generation[sdk=iphonesimulator*]" = YES;
				"INFOPLIST_KEY_UIStatusBarStyle[sdk=iphoneos*]" = UIStatusBarStyleDefault;
				"INFOPLIST_KEY_UIStatusBarStyle[sdk=iphonesimulator*]" = UIStatusBarStyleDefault;
				INFOPLIST_KEY_UISupportedInterfaceOrientations_iPad = "UIInterfaceOrientationPortrait UIInterfaceOrientationPortraitUpsideDown UIInterfaceOrientationLandscapeLeft UIInterfaceOrientationLandscapeRight";
				INFOPLIST_KEY_UISupportedInterfaceOrientations_iPhone = "UIInterfaceOrientationPortrait UIInterfaceOrientationLandscapeLeft UIInterfaceOrientationLandscapeRight";
				IPHONEOS_DEPLOYMENT_TARGET = 18.2;
				LD_RUNPATH_SEARCH_PATHS = "@executable_path/Frameworks";
				"LD_RUNPATH_SEARCH_PATHS[sdk=macosx*]" = "@executable_path/../Frameworks";
				MACOSX_DEPLOYMENT_TARGET = 14.0;
				MARKETING_VERSION = 1.0;
				PRODUCT_BUNDLE_IDENTIFIER = "com.sandrafranco.SATA-Mobile";
				PRODUCT_NAME = SATA;
				PROVISIONING_PROFILE_SPECIFIER = "";
				SDKROOT = auto;
				SUPPORTED_PLATFORMS = "iphoneos iphonesimulator macosx xros xrsimulator";
				SWIFT_EMIT_LOC_STRINGS = YES;
				SWIFT_VERSION = 5.0;
				TARGETED_DEVICE_FAMILY = "1,2,7";
				XROS_DEPLOYMENT_TARGET = 2.2;
			};
			name = Release;
		};
		16ECB30E2D1DD9D400367F2A /* Debug */ = {
			isa = XCBuildConfiguration;
			buildSettings = {
				BUNDLE_LOADER = "$(TEST_HOST)";
				CODE_SIGN_STYLE = Automatic;
				CURRENT_PROJECT_VERSION = 1;
				DEVELOPMENT_TEAM = M6AQ5AZV2F;
				GENERATE_INFOPLIST_FILE = YES;
				IPHONEOS_DEPLOYMENT_TARGET = 18.2;
				MACOSX_DEPLOYMENT_TARGET = 15.2;
				MARKETING_VERSION = 1.0;
				PRODUCT_BUNDLE_IDENTIFIER = "com.sandrafranco.SATA-MobileTests";
				PRODUCT_NAME = "$(TARGET_NAME)";
				SDKROOT = auto;
				SUPPORTED_PLATFORMS = "iphoneos iphonesimulator macosx xros xrsimulator";
				SWIFT_EMIT_LOC_STRINGS = NO;
				SWIFT_VERSION = 5.0;
				TARGETED_DEVICE_FAMILY = "1,2,7";
				TEST_HOST = "$(BUILT_PRODUCTS_DIR)/SATA Mobile.app/$(BUNDLE_EXECUTABLE_FOLDER_PATH)/SATA Mobile";
				XROS_DEPLOYMENT_TARGET = 2.2;
			};
			name = Debug;
		};
		16ECB30F2D1DD9D400367F2A /* Release */ = {
			isa = XCBuildConfiguration;
			buildSettings = {
				BUNDLE_LOADER = "$(TEST_HOST)";
				CODE_SIGN_STYLE = Automatic;
				CURRENT_PROJECT_VERSION = 1;
				DEVELOPMENT_TEAM = M6AQ5AZV2F;
				GENERATE_INFOPLIST_FILE = YES;
				IPHONEOS_DEPLOYMENT_TARGET = 18.2;
				MACOSX_DEPLOYMENT_TARGET = 15.2;
				MARKETING_VERSION = 1.0;
				PRODUCT_BUNDLE_IDENTIFIER = "com.sandrafranco.SATA-MobileTests";
				PRODUCT_NAME = "$(TARGET_NAME)";
				SDKROOT = auto;
				SUPPORTED_PLATFORMS = "iphoneos iphonesimulator macosx xros xrsimulator";
				SWIFT_EMIT_LOC_STRINGS = NO;
				SWIFT_VERSION = 5.0;
				TARGETED_DEVICE_FAMILY = "1,2,7";
				TEST_HOST = "$(BUILT_PRODUCTS_DIR)/SATA Mobile.app/$(BUNDLE_EXECUTABLE_FOLDER_PATH)/SATA Mobile";
				XROS_DEPLOYMENT_TARGET = 2.2;
			};
			name = Release;
		};
		16ECB3112D1DD9D400367F2A /* Debug */ = {
			isa = XCBuildConfiguration;
			buildSettings = {
				CODE_SIGN_STYLE = Automatic;
				CURRENT_PROJECT_VERSION = 1;
				DEVELOPMENT_TEAM = M6AQ5AZV2F;
				GENERATE_INFOPLIST_FILE = YES;
				IPHONEOS_DEPLOYMENT_TARGET = 18.2;
				MACOSX_DEPLOYMENT_TARGET = 15.2;
				MARKETING_VERSION = 1.0;
				PRODUCT_BUNDLE_IDENTIFIER = "com.sandrafranco.SATA-MobileUITests";
				PRODUCT_NAME = "$(TARGET_NAME)";
				SDKROOT = auto;
				SUPPORTED_PLATFORMS = "iphoneos iphonesimulator macosx xros xrsimulator";
				SWIFT_EMIT_LOC_STRINGS = NO;
				SWIFT_VERSION = 5.0;
				TARGETED_DEVICE_FAMILY = "1,2,7";
				TEST_TARGET_NAME = "SATA Mobile";
				XROS_DEPLOYMENT_TARGET = 2.2;
			};
			name = Debug;
		};
		16ECB3122D1DD9D400367F2A /* Release */ = {
			isa = XCBuildConfiguration;
			buildSettings = {
				CODE_SIGN_STYLE = Automatic;
				CURRENT_PROJECT_VERSION = 1;
				DEVELOPMENT_TEAM = M6AQ5AZV2F;
				GENERATE_INFOPLIST_FILE = YES;
				IPHONEOS_DEPLOYMENT_TARGET = 18.2;
				MACOSX_DEPLOYMENT_TARGET = 15.2;
				MARKETING_VERSION = 1.0;
				PRODUCT_BUNDLE_IDENTIFIER = "com.sandrafranco.SATA-MobileUITests";
				PRODUCT_NAME = "$(TARGET_NAME)";
				SDKROOT = auto;
				SUPPORTED_PLATFORMS = "iphoneos iphonesimulator macosx xros xrsimulator";
				SWIFT_EMIT_LOC_STRINGS = NO;
				SWIFT_VERSION = 5.0;
				TARGETED_DEVICE_FAMILY = "1,2,7";
				TEST_TARGET_NAME = "SATA Mobile";
				XROS_DEPLOYMENT_TARGET = 2.2;
			};
			name = Release;
		};
/* End XCBuildConfiguration section */

/* Begin XCConfigurationList section */
		16A657EA2D2ADFAC00A623D8 /* Build configuration list for PBXNativeTarget "SATA_LiveActivityExtension" */ = {
			isa = XCConfigurationList;
			buildConfigurations = (
				16A657EB2D2ADFAC00A623D8 /* Debug */,
				16A657EC2D2ADFAC00A623D8 /* Release */,
			);
			defaultConfigurationIsVisible = 0;
			defaultConfigurationName = Release;
		};
		16ECB2DE2D1DD9D200367F2A /* Build configuration list for PBXProject "SATA Mobile" */ = {
			isa = XCConfigurationList;
			buildConfigurations = (
				16ECB3082D1DD9D400367F2A /* Debug */,
				16ECB3092D1DD9D400367F2A /* Release */,
			);
			defaultConfigurationIsVisible = 0;
			defaultConfigurationName = Release;
		};
		16ECB30A2D1DD9D400367F2A /* Build configuration list for PBXNativeTarget "SATA Mobile" */ = {
			isa = XCConfigurationList;
			buildConfigurations = (
				16ECB30B2D1DD9D400367F2A /* Debug */,
				16ECB30C2D1DD9D400367F2A /* Release */,
			);
			defaultConfigurationIsVisible = 0;
			defaultConfigurationName = Release;
		};
		16ECB30D2D1DD9D400367F2A /* Build configuration list for PBXNativeTarget "SATA MobileTests" */ = {
			isa = XCConfigurationList;
			buildConfigurations = (
				16ECB30E2D1DD9D400367F2A /* Debug */,
				16ECB30F2D1DD9D400367F2A /* Release */,
			);
			defaultConfigurationIsVisible = 0;
			defaultConfigurationName = Release;
		};
		16ECB3102D1DD9D400367F2A /* Build configuration list for PBXNativeTarget "SATA MobileUITests" */ = {
			isa = XCConfigurationList;
			buildConfigurations = (
				16ECB3112D1DD9D400367F2A /* Debug */,
				16ECB3122D1DD9D400367F2A /* Release */,
			);
			defaultConfigurationIsVisible = 0;
			defaultConfigurationName = Release;
		};
/* End XCConfigurationList section */

/* Begin XCRemoteSwiftPackageReference section */
		160182932D20CA46009DA2EF /* XCRemoteSwiftPackageReference "BezelKit" */ = {
			isa = XCRemoteSwiftPackageReference;
			repositoryURL = "https://github.com/markbattistella/BezelKit";
			requirement = {
				kind = upToNextMajorVersion;
				minimumVersion = 3.2.0;
			};
		};
		161BCB7F2D25BA8900FA776A /* XCRemoteSwiftPackageReference "generative-ai-swift" */ = {
			isa = XCRemoteSwiftPackageReference;
			repositoryURL = "https://github.com/google/generative-ai-swift";
			requirement = {
				kind = upToNextMajorVersion;
				minimumVersion = 0.5.6;
			};
		};
		16A657A02D2AC69200A623D8 /* XCRemoteSwiftPackageReference "SwiftUI-Shimmer" */ = {
			isa = XCRemoteSwiftPackageReference;
			repositoryURL = "https://github.com/markiv/SwiftUI-Shimmer";
			requirement = {
				kind = upToNextMajorVersion;
				minimumVersion = 1.5.1;
			};
		};
		16A658222D2B5D3E00A623D8 /* XCRemoteSwiftPackageReference "OnBoardingKit" */ = {
			isa = XCRemoteSwiftPackageReference;
			repositoryURL = "https://github.com/mlbonniec/OnBoardingKit";
			requirement = {
				kind = upToNextMajorVersion;
				minimumVersion = 1.1.3;
			};
		};
		4C5C49122D2DD1C000FD4DF5 /* XCRemoteSwiftPackageReference "EventSource" */ = {
			isa = XCRemoteSwiftPackageReference;
			repositoryURL = "https://github.com/Recouse/EventSource";
			requirement = {
				kind = upToNextMajorVersion;
				minimumVersion = 0.1.3;
			};
		};
/* End XCRemoteSwiftPackageReference section */

/* Begin XCSwiftPackageProductDependency section */
		160182942D20CA46009DA2EF /* BezelKit */ = {
			isa = XCSwiftPackageProductDependency;
			package = 160182932D20CA46009DA2EF /* XCRemoteSwiftPackageReference "BezelKit" */;
			productName = BezelKit;
		};
		161BCB802D25BA8900FA776A /* GoogleGenerativeAI */ = {
			isa = XCSwiftPackageProductDependency;
			package = 161BCB7F2D25BA8900FA776A /* XCRemoteSwiftPackageReference "generative-ai-swift" */;
			productName = GoogleGenerativeAI;
		};
		16A657A12D2AC69200A623D8 /* Shimmer */ = {
			isa = XCSwiftPackageProductDependency;
			package = 16A657A02D2AC69200A623D8 /* XCRemoteSwiftPackageReference "SwiftUI-Shimmer" */;
			productName = Shimmer;
		};
		16A658232D2B5D3E00A623D8 /* OnBoardingKit */ = {
			isa = XCSwiftPackageProductDependency;
			package = 16A658222D2B5D3E00A623D8 /* XCRemoteSwiftPackageReference "OnBoardingKit" */;
			productName = OnBoardingKit;
		};
		4C5C49132D2DD1C000FD4DF5 /* EventSource */ = {
			isa = XCSwiftPackageProductDependency;
			package = 4C5C49122D2DD1C000FD4DF5 /* XCRemoteSwiftPackageReference "EventSource" */;
			productName = EventSource;
		};
/* End XCSwiftPackageProductDependency section */
	};
	rootObject = 16ECB2DB2D1DD9D200367F2A /* Project object */;
}
